// !$*UTF8*$!
{
	archiveVersion = 1;
	classes = {
	};
	objectVersion = 56;
	objects = {

/* Begin PBXBuildFile section */
		AA57CA642B0CDF8E00C25B84 /* AnimationAmericanoApp.swift in Sources */ = {isa = PBXBuildFile; fileRef = AA57CA632B0CDF8E00C25B84 /* AnimationAmericanoApp.swift */; };
		AA57CA662B0CDF8E00C25B84 /* ContentView.swift in Sources */ = {isa = PBXBuildFile; fileRef = AA57CA652B0CDF8E00C25B84 /* ContentView.swift */; };
		AA57CA682B0CDF8F00C25B84 /* Assets.xcassets in Resources */ = {isa = PBXBuildFile; fileRef = AA57CA672B0CDF8F00C25B84 /* Assets.xcassets */; };
		AA57CA6B2B0CDF8F00C25B84 /* Preview Assets.xcassets in Resources */ = {isa = PBXBuildFile; fileRef = AA57CA6A2B0CDF8F00C25B84 /* Preview Assets.xcassets */; };
		AA57CA792B0CDFED00C25B84 /* house.riv in Resources */ = {isa = PBXBuildFile; fileRef = AA57CA722B0CDFED00C25B84 /* house.riv */; };
		AA57CA7A2B0CDFED00C25B84 /* confetti.riv in Resources */ = {isa = PBXBuildFile; fileRef = AA57CA732B0CDFED00C25B84 /* confetti.riv */; };
		AA57CA7B2B0CDFED00C25B84 /* check.riv in Resources */ = {isa = PBXBuildFile; fileRef = AA57CA742B0CDFED00C25B84 /* check.riv */; };
		AA57CA7C2B0CDFED00C25B84 /* menu_button.riv in Resources */ = {isa = PBXBuildFile; fileRef = AA57CA752B0CDFED00C25B84 /* menu_button.riv */; };
		AA57CA7D2B0CDFED00C25B84 /* shapes.riv in Resources */ = {isa = PBXBuildFile; fileRef = AA57CA762B0CDFED00C25B84 /* shapes.riv */; };
		AA57CA7E2B0CDFED00C25B84 /* button.riv in Resources */ = {isa = PBXBuildFile; fileRef = AA57CA772B0CDFED00C25B84 /* button.riv */; };
		AA57CA7F2B0CDFED00C25B84 /* icons.riv in Resources */ = {isa = PBXBuildFile; fileRef = AA57CA782B0CDFED00C25B84 /* icons.riv */; };
		AA57CA822B0CE05C00C25B84 /* RiveRuntime in Frameworks */ = {isa = PBXBuildFile; productRef = AA57CA812B0CE05C00C25B84 /* RiveRuntime */; };
		AA57CA842B0CE07100C25B84 /* OnBoardingView.swift in Sources */ = {isa = PBXBuildFile; fileRef = AA57CA832B0CE07100C25B84 /* OnBoardingView.swift */; };
		AA57CA892B0CF06200C25B84 /* Inter-Regular.ttf in Resources */ = {isa = PBXBuildFile; fileRef = AA57CA862B0CF06200C25B84 /* Inter-Regular.ttf */; };
		AA57CA8A2B0CF06200C25B84 /* Poppins-Bold.ttf in Resources */ = {isa = PBXBuildFile; fileRef = AA57CA872B0CF06200C25B84 /* Poppins-Bold.ttf */; };
		AA57CA8B2B0CF06200C25B84 /* Inter-SemiBold.ttf in Resources */ = {isa = PBXBuildFile; fileRef = AA57CA882B0CF06200C25B84 /* Inter-SemiBold.ttf */; };
		AA57CA8E2B0CF19B00C25B84 /* CustomFont.swift in Sources */ = {isa = PBXBuildFile; fileRef = AA57CA8D2B0CF19B00C25B84 /* CustomFont.swift */; };
		AA57CA902B0D048500C25B84 /* SigninView.swift in Sources */ = {isa = PBXBuildFile; fileRef = AA57CA8F2B0D048500C25B84 /* SigninView.swift */; };
		AA57CA922B0D070F00C25B84 /* CustomTextField.swift in Sources */ = {isa = PBXBuildFile; fileRef = AA57CA912B0D070F00C25B84 /* CustomTextField.swift */; };
		AA57CA942B0D08B500C25B84 /* Extensions.swift in Sources */ = {isa = PBXBuildFile; fileRef = AA57CA932B0D08B500C25B84 /* Extensions.swift */; };
		AA57CA982B0D136800C25B84 /* TabBar.swift in Sources */ = {isa = PBXBuildFile; fileRef = AA57CA972B0D136800C25B84 /* TabBar.swift */; };
		AA57CA9C2B0D63F600C25B84 /* CourseSection.swift in Sources */ = {isa = PBXBuildFile; fileRef = AA57CA9A2B0D63F600C25B84 /* CourseSection.swift */; };
		AA57CA9D2B0D63F600C25B84 /* Course.swift in Sources */ = {isa = PBXBuildFile; fileRef = AA57CA9B2B0D63F600C25B84 /* Course.swift */; };
		AA57CA9F2B0D641700C25B84 /* VCard.swift in Sources */ = {isa = PBXBuildFile; fileRef = AA57CA9E2B0D641700C25B84 /* VCard.swift */; };
		AA57CAA12B0D676600C25B84 /* HCard.swift in Sources */ = {isa = PBXBuildFile; fileRef = AA57CAA02B0D676600C25B84 /* HCard.swift */; };
		AA57CAA32B0D691300C25B84 /* HomeView.swift in Sources */ = {isa = PBXBuildFile; fileRef = AA57CAA22B0D691300C25B84 /* HomeView.swift */; };
		AA57CAA52B0D6D2A00C25B84 /* SideMenu.swift in Sources */ = {isa = PBXBuildFile; fileRef = AA57CAA42B0D6D2A00C25B84 /* SideMenu.swift */; };
		AA57CAA72B0D72A700C25B84 /* MenuRow.swift in Sources */ = {isa = PBXBuildFile; fileRef = AA57CAA62B0D72A700C25B84 /* MenuRow.swift */; };
/* End PBXBuildFile section */

/* Begin PBXFileReference section */
		AA57CA602B0CDF8E00C25B84 /* AnimationAmericano.app */ = {isa = PBXFileReference; explicitFileType = wrapper.application; includeInIndex = 0; path = AnimationAmericano.app; sourceTree = BUILT_PRODUCTS_DIR; };
		AA57CA632B0CDF8E00C25B84 /* AnimationAmericanoApp.swift */ = {isa = PBXFileReference; lastKnownFileType = sourcecode.swift; path = AnimationAmericanoApp.swift; sourceTree = "<group>"; };
		AA57CA652B0CDF8E00C25B84 /* ContentView.swift */ = {isa = PBXFileReference; lastKnownFileType = sourcecode.swift; path = ContentView.swift; sourceTree = "<group>"; };
		AA57CA672B0CDF8F00C25B84 /* Assets.xcassets */ = {isa = PBXFileReference; lastKnownFileType = folder.assetcatalog; path = Assets.xcassets; sourceTree = "<group>"; };
		AA57CA6A2B0CDF8F00C25B84 /* Preview Assets.xcassets */ = {isa = PBXFileReference; lastKnownFileType = folder.assetcatalog; path = "Preview Assets.xcassets"; sourceTree = "<group>"; };
		AA57CA722B0CDFED00C25B84 /* house.riv */ = {isa = PBXFileReference; lastKnownFileType = file; path = house.riv; sourceTree = "<group>"; };
		AA57CA732B0CDFED00C25B84 /* confetti.riv */ = {isa = PBXFileReference; lastKnownFileType = file; path = confetti.riv; sourceTree = "<group>"; };
		AA57CA742B0CDFED00C25B84 /* check.riv */ = {isa = PBXFileReference; lastKnownFileType = file; path = check.riv; sourceTree = "<group>"; };
		AA57CA752B0CDFED00C25B84 /* menu_button.riv */ = {isa = PBXFileReference; lastKnownFileType = file; path = menu_button.riv; sourceTree = "<group>"; };
		AA57CA762B0CDFED00C25B84 /* shapes.riv */ = {isa = PBXFileReference; lastKnownFileType = file; path = shapes.riv; sourceTree = "<group>"; };
		AA57CA772B0CDFED00C25B84 /* button.riv */ = {isa = PBXFileReference; lastKnownFileType = file; path = button.riv; sourceTree = "<group>"; };
		AA57CA782B0CDFED00C25B84 /* icons.riv */ = {isa = PBXFileReference; lastKnownFileType = file; path = icons.riv; sourceTree = "<group>"; };
		AA57CA832B0CE07100C25B84 /* OnBoardingView.swift */ = {isa = PBXFileReference; lastKnownFileType = sourcecode.swift; path = OnBoardingView.swift; sourceTree = "<group>"; };
		AA57CA862B0CF06200C25B84 /* Inter-Regular.ttf */ = {isa = PBXFileReference; lastKnownFileType = file; path = "Inter-Regular.ttf"; sourceTree = "<group>"; };
		AA57CA872B0CF06200C25B84 /* Poppins-Bold.ttf */ = {isa = PBXFileReference; lastKnownFileType = file; path = "Poppins-Bold.ttf"; sourceTree = "<group>"; };
		AA57CA882B0CF06200C25B84 /* Inter-SemiBold.ttf */ = {isa = PBXFileReference; lastKnownFileType = file; path = "Inter-SemiBold.ttf"; sourceTree = "<group>"; };
		AA57CA8C2B0CF0C100C25B84 /* Info.plist */ = {isa = PBXFileReference; lastKnownFileType = text.plist; path = Info.plist; sourceTree = "<group>"; };
		AA57CA8D2B0CF19B00C25B84 /* CustomFont.swift */ = {isa = PBXFileReference; lastKnownFileType = sourcecode.swift; path = CustomFont.swift; sourceTree = "<group>"; };
		AA57CA8F2B0D048500C25B84 /* SigninView.swift */ = {isa = PBXFileReference; lastKnownFileType = sourcecode.swift; path = SigninView.swift; sourceTree = "<group>"; };
		AA57CA912B0D070F00C25B84 /* CustomTextField.swift */ = {isa = PBXFileReference; lastKnownFileType = sourcecode.swift; path = CustomTextField.swift; sourceTree = "<group>"; };
		AA57CA932B0D08B500C25B84 /* Extensions.swift */ = {isa = PBXFileReference; lastKnownFileType = sourcecode.swift; path = Extensions.swift; sourceTree = "<group>"; };
		AA57CA972B0D136800C25B84 /* TabBar.swift */ = {isa = PBXFileReference; lastKnownFileType = sourcecode.swift; path = TabBar.swift; sourceTree = "<group>"; };
		AA57CA9A2B0D63F600C25B84 /* CourseSection.swift */ = {isa = PBXFileReference; fileEncoding = 4; lastKnownFileType = sourcecode.swift; path = CourseSection.swift; sourceTree = "<group>"; };
		AA57CA9B2B0D63F600C25B84 /* Course.swift */ = {isa = PBXFileReference; fileEncoding = 4; lastKnownFileType = sourcecode.swift; path = Course.swift; sourceTree = "<group>"; };
		AA57CA9E2B0D641700C25B84 /* VCard.swift */ = {isa = PBXFileReference; lastKnownFileType = sourcecode.swift; path = VCard.swift; sourceTree = "<group>"; };
		AA57CAA02B0D676600C25B84 /* HCard.swift */ = {isa = PBXFileReference; lastKnownFileType = sourcecode.swift; path = HCard.swift; sourceTree = "<group>"; };
		AA57CAA22B0D691300C25B84 /* HomeView.swift */ = {isa = PBXFileReference; lastKnownFileType = sourcecode.swift; path = HomeView.swift; sourceTree = "<group>"; };
		AA57CAA42B0D6D2A00C25B84 /* SideMenu.swift */ = {isa = PBXFileReference; lastKnownFileType = sourcecode.swift; path = SideMenu.swift; sourceTree = "<group>"; };
		AA57CAA62B0D72A700C25B84 /* MenuRow.swift */ = {isa = PBXFileReference; lastKnownFileType = sourcecode.swift; path = MenuRow.swift; sourceTree = "<group>"; };
/* End PBXFileReference section */

/* Begin PBXFrameworksBuildPhase section */
		AA57CA5D2B0CDF8E00C25B84 /* Frameworks */ = {
			isa = PBXFrameworksBuildPhase;
			buildActionMask = 2147483647;
			files = (
				AA57CA822B0CE05C00C25B84 /* RiveRuntime in Frameworks */,
			);
			runOnlyForDeploymentPostprocessing = 0;
		};
/* End PBXFrameworksBuildPhase section */

/* Begin PBXGroup section */
		AA57CA572B0CDF8E00C25B84 = {
			isa = PBXGroup;
			children = (
				AA57CA622B0CDF8E00C25B84 /* AnimationAmericano */,
				AA57CA612B0CDF8E00C25B84 /* Products */,
			);
			sourceTree = "<group>";
		};
		AA57CA612B0CDF8E00C25B84 /* Products */ = {
			isa = PBXGroup;
			children = (
				AA57CA602B0CDF8E00C25B84 /* AnimationAmericano.app */,
			);
			name = Products;
			sourceTree = "<group>";
		};
		AA57CA622B0CDF8E00C25B84 /* AnimationAmericano */ = {
			isa = PBXGroup;
			children = (
				AA57CA8C2B0CF0C100C25B84 /* Info.plist */,
				AA57CA632B0CDF8E00C25B84 /* AnimationAmericanoApp.swift */,
				AA57CA652B0CDF8E00C25B84 /* ContentView.swift */,
				AA57CAA42B0D6D2A00C25B84 /* SideMenu.swift */,
				AA57CAA62B0D72A700C25B84 /* MenuRow.swift */,
				AA57CA972B0D136800C25B84 /* TabBar.swift */,
				AA57CAA22B0D691300C25B84 /* HomeView.swift */,
				AA57CA952B0D132600C25B84 /* Views */,
				AA57CA962B0D135500C25B84 /* Styles */,
				AA57CA672B0CDF8F00C25B84 /* Assets.xcassets */,
				AA57CA992B0D63F600C25B84 /* Model */,
				AA57CA852B0CF06200C25B84 /* Fonts */,
				AA57CA712B0CDFED00C25B84 /* RiveAssets */,
				AA57CA692B0CDF8F00C25B84 /* Preview Content */,
			);
			path = AnimationAmericano;
			sourceTree = "<group>";
		};
		AA57CA692B0CDF8F00C25B84 /* Preview Content */ = {
			isa = PBXGroup;
			children = (
				AA57CA6A2B0CDF8F00C25B84 /* Preview Assets.xcassets */,
			);
			path = "Preview Content";
			sourceTree = "<group>";
		};
		AA57CA712B0CDFED00C25B84 /* RiveAssets */ = {
			isa = PBXGroup;
			children = (
				AA57CA722B0CDFED00C25B84 /* house.riv */,
				AA57CA732B0CDFED00C25B84 /* confetti.riv */,
				AA57CA742B0CDFED00C25B84 /* check.riv */,
				AA57CA752B0CDFED00C25B84 /* menu_button.riv */,
				AA57CA762B0CDFED00C25B84 /* shapes.riv */,
				AA57CA772B0CDFED00C25B84 /* button.riv */,
				AA57CA782B0CDFED00C25B84 /* icons.riv */,
			);
			path = RiveAssets;
			sourceTree = "<group>";
		};
		AA57CA852B0CF06200C25B84 /* Fonts */ = {
			isa = PBXGroup;
			children = (
				AA57CA862B0CF06200C25B84 /* Inter-Regular.ttf */,
				AA57CA872B0CF06200C25B84 /* Poppins-Bold.ttf */,
				AA57CA882B0CF06200C25B84 /* Inter-SemiBold.ttf */,
			);
			path = Fonts;
			sourceTree = "<group>";
		};
		AA57CA952B0D132600C25B84 /* Views */ = {
			isa = PBXGroup;
			children = (
				AA57CA832B0CE07100C25B84 /* OnBoardingView.swift */,
				AA57CA8F2B0D048500C25B84 /* SigninView.swift */,
			);
			path = Views;
			sourceTree = "<group>";
		};
		AA57CA962B0D135500C25B84 /* Styles */ = {
			isa = PBXGroup;
			children = (
				AA57CA932B0D08B500C25B84 /* Extensions.swift */,
				AA57CA912B0D070F00C25B84 /* CustomTextField.swift */,
				AA57CA8D2B0CF19B00C25B84 /* CustomFont.swift */,
			);
			path = Styles;
			sourceTree = "<group>";
		};
		AA57CA992B0D63F600C25B84 /* Model */ = {
			isa = PBXGroup;
			children = (
				AA57CA9A2B0D63F600C25B84 /* CourseSection.swift */,
				AA57CA9B2B0D63F600C25B84 /* Course.swift */,
				AA57CA9E2B0D641700C25B84 /* VCard.swift */,
				AA57CAA02B0D676600C25B84 /* HCard.swift */,
			);
			path = Model;
			sourceTree = "<group>";
		};
/* End PBXGroup section */

/* Begin PBXNativeTarget section */
		AA57CA5F2B0CDF8E00C25B84 /* AnimationAmericano */ = {
			isa = PBXNativeTarget;
			buildConfigurationList = AA57CA6E2B0CDF8F00C25B84 /* Build configuration list for PBXNativeTarget "AnimationAmericano" */;
			buildPhases = (
				AA57CA5C2B0CDF8E00C25B84 /* Sources */,
				AA57CA5D2B0CDF8E00C25B84 /* Frameworks */,
				AA57CA5E2B0CDF8E00C25B84 /* Resources */,
			);
			buildRules = (
			);
			dependencies = (
			);
			name = AnimationAmericano;
			packageProductDependencies = (
				AA57CA812B0CE05C00C25B84 /* RiveRuntime */,
			);
			productName = AnimationAmericano;
			productReference = AA57CA602B0CDF8E00C25B84 /* AnimationAmericano.app */;
			productType = "com.apple.product-type.application";
		};
/* End PBXNativeTarget section */

/* Begin PBXProject section */
		AA57CA582B0CDF8E00C25B84 /* Project object */ = {
			isa = PBXProject;
			attributes = {
				BuildIndependentTargetsInParallel = 1;
				LastSwiftUpdateCheck = 1500;
				LastUpgradeCheck = 1500;
				TargetAttributes = {
					AA57CA5F2B0CDF8E00C25B84 = {
						CreatedOnToolsVersion = 15.0;
					};
				};
			};
			buildConfigurationList = AA57CA5B2B0CDF8E00C25B84 /* Build configuration list for PBXProject "AnimationAmericano" */;
			compatibilityVersion = "Xcode 14.0";
			developmentRegion = en;
			hasScannedForEncodings = 0;
			knownRegions = (
				en,
				Base,
			);
			mainGroup = AA57CA572B0CDF8E00C25B84;
			packageReferences = (
				AA57CA802B0CE05C00C25B84 /* XCRemoteSwiftPackageReference "rive-ios" */,
			);
			productRefGroup = AA57CA612B0CDF8E00C25B84 /* Products */;
			projectDirPath = "";
			projectRoot = "";
			targets = (
				AA57CA5F2B0CDF8E00C25B84 /* AnimationAmericano */,
			);
		};
/* End PBXProject section */

/* Begin PBXResourcesBuildPhase section */
		AA57CA5E2B0CDF8E00C25B84 /* Resources */ = {
			isa = PBXResourcesBuildPhase;
			buildActionMask = 2147483647;
			files = (
				AA57CA8B2B0CF06200C25B84 /* Inter-SemiBold.ttf in Resources */,
				AA57CA7D2B0CDFED00C25B84 /* shapes.riv in Resources */,
				AA57CA7B2B0CDFED00C25B84 /* check.riv in Resources */,
				AA57CA6B2B0CDF8F00C25B84 /* Preview Assets.xcassets in Resources */,
				AA57CA7C2B0CDFED00C25B84 /* menu_button.riv in Resources */,
				AA57CA792B0CDFED00C25B84 /* house.riv in Resources */,
				AA57CA7E2B0CDFED00C25B84 /* button.riv in Resources */,
				AA57CA892B0CF06200C25B84 /* Inter-Regular.ttf in Resources */,
				AA57CA8A2B0CF06200C25B84 /* Poppins-Bold.ttf in Resources */,
				AA57CA682B0CDF8F00C25B84 /* Assets.xcassets in Resources */,
				AA57CA7A2B0CDFED00C25B84 /* confetti.riv in Resources */,
				AA57CA7F2B0CDFED00C25B84 /* icons.riv in Resources */,
			);
			runOnlyForDeploymentPostprocessing = 0;
		};
/* End PBXResourcesBuildPhase section */

/* Begin PBXSourcesBuildPhase section */
		AA57CA5C2B0CDF8E00C25B84 /* Sources */ = {
			isa = PBXSourcesBuildPhase;
			buildActionMask = 2147483647;
			files = (
				AA57CAA12B0D676600C25B84 /* HCard.swift in Sources */,
				AA57CA8E2B0CF19B00C25B84 /* CustomFont.swift in Sources */,
				AA57CAA32B0D691300C25B84 /* HomeView.swift in Sources */,
				AA57CAA52B0D6D2A00C25B84 /* SideMenu.swift in Sources */,
				AA57CA842B0CE07100C25B84 /* OnBoardingView.swift in Sources */,
				AA57CA9D2B0D63F600C25B84 /* Course.swift in Sources */,
				AA57CA922B0D070F00C25B84 /* CustomTextField.swift in Sources */,
				AA57CA982B0D136800C25B84 /* TabBar.swift in Sources */,
				AA57CA9F2B0D641700C25B84 /* VCard.swift in Sources */,
				AA57CA902B0D048500C25B84 /* SigninView.swift in Sources */,
				AA57CA662B0CDF8E00C25B84 /* ContentView.swift in Sources */,
				AA57CA642B0CDF8E00C25B84 /* AnimationAmericanoApp.swift in Sources */,
				AA57CA9C2B0D63F600C25B84 /* CourseSection.swift in Sources */,
				AA57CA942B0D08B500C25B84 /* Extensions.swift in Sources */,
				AA57CAA72B0D72A700C25B84 /* MenuRow.swift in Sources */,
			);
			runOnlyForDeploymentPostprocessing = 0;
		};
/* End PBXSourcesBuildPhase section */

/* Begin XCBuildConfiguration section */
		AA57CA6C2B0CDF8F00C25B84 /* Debug */ = {
			isa = XCBuildConfiguration;
			buildSettings = {
				ALWAYS_SEARCH_USER_PATHS = NO;
				ASSETCATALOG_COMPILER_GENERATE_SWIFT_ASSET_SYMBOL_EXTENSIONS = YES;
				CLANG_ANALYZER_NONNULL = YES;
				CLANG_ANALYZER_NUMBER_OBJECT_CONVERSION = YES_AGGRESSIVE;
				CLANG_CXX_LANGUAGE_STANDARD = "gnu++20";
				CLANG_ENABLE_MODULES = YES;
				CLANG_ENABLE_OBJC_ARC = YES;
				CLANG_ENABLE_OBJC_WEAK = YES;
				CLANG_WARN_BLOCK_CAPTURE_AUTORELEASING = YES;
				CLANG_WARN_BOOL_CONVERSION = YES;
				CLANG_WARN_COMMA = YES;
				CLANG_WARN_CONSTANT_CONVERSION = YES;
				CLANG_WARN_DEPRECATED_OBJC_IMPLEMENTATIONS = YES;
				CLANG_WARN_DIRECT_OBJC_ISA_USAGE = YES_ERROR;
				CLANG_WARN_DOCUMENTATION_COMMENTS = YES;
				CLANG_WARN_EMPTY_BODY = YES;
				CLANG_WARN_ENUM_CONVERSION = YES;
				CLANG_WARN_INFINITE_RECURSION = YES;
				CLANG_WARN_INT_CONVERSION = YES;
				CLANG_WARN_NON_LITERAL_NULL_CONVERSION = YES;
				CLANG_WARN_OBJC_IMPLICIT_RETAIN_SELF = YES;
				CLANG_WARN_OBJC_LITERAL_CONVERSION = YES;
				CLANG_WARN_OBJC_ROOT_CLASS = YES_ERROR;
				CLANG_WARN_QUOTED_INCLUDE_IN_FRAMEWORK_HEADER = YES;
				CLANG_WARN_RANGE_LOOP_ANALYSIS = YES;
				CLANG_WARN_STRICT_PROTOTYPES = YES;
				CLANG_WARN_SUSPICIOUS_MOVE = YES;
				CLANG_WARN_UNGUARDED_AVAILABILITY = YES_AGGRESSIVE;
				CLANG_WARN_UNREACHABLE_CODE = YES;
				CLANG_WARN__DUPLICATE_METHOD_MATCH = YES;
				COPY_PHASE_STRIP = NO;
				DEBUG_INFORMATION_FORMAT = dwarf;
				ENABLE_STRICT_OBJC_MSGSEND = YES;
				ENABLE_TESTABILITY = YES;
				ENABLE_USER_SCRIPT_SANDBOXING = YES;
				GCC_C_LANGUAGE_STANDARD = gnu17;
				GCC_DYNAMIC_NO_PIC = NO;
				GCC_NO_COMMON_BLOCKS = YES;
				GCC_OPTIMIZATION_LEVEL = 0;
				GCC_PREPROCESSOR_DEFINITIONS = (
					"DEBUG=1",
					"$(inherited)",
				);
				GCC_WARN_64_TO_32_BIT_CONVERSION = YES;
				GCC_WARN_ABOUT_RETURN_TYPE = YES_ERROR;
				GCC_WARN_UNDECLARED_SELECTOR = YES;
				GCC_WARN_UNINITIALIZED_AUTOS = YES_AGGRESSIVE;
				GCC_WARN_UNUSED_FUNCTION = YES;
				GCC_WARN_UNUSED_VARIABLE = YES;
				IPHONEOS_DEPLOYMENT_TARGET = 17.0;
				LOCALIZATION_PREFERS_STRING_CATALOGS = YES;
				MTL_ENABLE_DEBUG_INFO = INCLUDE_SOURCE;
				MTL_FAST_MATH = YES;
				ONLY_ACTIVE_ARCH = YES;
				SDKROOT = iphoneos;
				SWIFT_ACTIVE_COMPILATION_CONDITIONS = "DEBUG $(inherited)";
				SWIFT_OPTIMIZATION_LEVEL = "-Onone";
			};
			name = Debug;
		};
		AA57CA6D2B0CDF8F00C25B84 /* Release */ = {
			isa = XCBuildConfiguration;
			buildSettings = {
				ALWAYS_SEARCH_USER_PATHS = NO;
				ASSETCATALOG_COMPILER_GENERATE_SWIFT_ASSET_SYMBOL_EXTENSIONS = YES;
				CLANG_ANALYZER_NONNULL = YES;
				CLANG_ANALYZER_NUMBER_OBJECT_CONVERSION = YES_AGGRESSIVE;
				CLANG_CXX_LANGUAGE_STANDARD = "gnu++20";
				CLANG_ENABLE_MODULES = YES;
				CLANG_ENABLE_OBJC_ARC = YES;
				CLANG_ENABLE_OBJC_WEAK = YES;
				CLANG_WARN_BLOCK_CAPTURE_AUTORELEASING = YES;
				CLANG_WARN_BOOL_CONVERSION = YES;
				CLANG_WARN_COMMA = YES;
				CLANG_WARN_CONSTANT_CONVERSION = YES;
				CLANG_WARN_DEPRECATED_OBJC_IMPLEMENTATIONS = YES;
				CLANG_WARN_DIRECT_OBJC_ISA_USAGE = YES_ERROR;
				CLANG_WARN_DOCUMENTATION_COMMENTS = YES;
				CLANG_WARN_EMPTY_BODY = YES;
				CLANG_WARN_ENUM_CONVERSION = YES;
				CLANG_WARN_INFINITE_RECURSION = YES;
				CLANG_WARN_INT_CONVERSION = YES;
				CLANG_WARN_NON_LITERAL_NULL_CONVERSION = YES;
				CLANG_WARN_OBJC_IMPLICIT_RETAIN_SELF = YES;
				CLANG_WARN_OBJC_LITERAL_CONVERSION = YES;
				CLANG_WARN_OBJC_ROOT_CLASS = YES_ERROR;
				CLANG_WARN_QUOTED_INCLUDE_IN_FRAMEWORK_HEADER = YES;
				CLANG_WARN_RANGE_LOOP_ANALYSIS = YES;
				CLANG_WARN_STRICT_PROTOTYPES = YES;
				CLANG_WARN_SUSPICIOUS_MOVE = YES;
				CLANG_WARN_UNGUARDED_AVAILABILITY = YES_AGGRESSIVE;
				CLANG_WARN_UNREACHABLE_CODE = YES;
				CLANG_WARN__DUPLICATE_METHOD_MATCH = YES;
				COPY_PHASE_STRIP = NO;
				DEBUG_INFORMATION_FORMAT = "dwarf-with-dsym";
				ENABLE_NS_ASSERTIONS = NO;
				ENABLE_STRICT_OBJC_MSGSEND = YES;
				ENABLE_USER_SCRIPT_SANDBOXING = YES;
				GCC_C_LANGUAGE_STANDARD = gnu17;
				GCC_NO_COMMON_BLOCKS = YES;
				GCC_WARN_64_TO_32_BIT_CONVERSION = YES;
				GCC_WARN_ABOUT_RETURN_TYPE = YES_ERROR;
				GCC_WARN_UNDECLARED_SELECTOR = YES;
				GCC_WARN_UNINITIALIZED_AUTOS = YES_AGGRESSIVE;
				GCC_WARN_UNUSED_FUNCTION = YES;
				GCC_WARN_UNUSED_VARIABLE = YES;
				IPHONEOS_DEPLOYMENT_TARGET = 17.0;
				LOCALIZATION_PREFERS_STRING_CATALOGS = YES;
				MTL_ENABLE_DEBUG_INFO = NO;
				MTL_FAST_MATH = YES;
				SDKROOT = iphoneos;
				SWIFT_COMPILATION_MODE = wholemodule;
				VALIDATE_PRODUCT = YES;
			};
			name = Release;
		};
		AA57CA6F2B0CDF8F00C25B84 /* Debug */ = {
			isa = XCBuildConfiguration;
			buildSettings = {
				ASSETCATALOG_COMPILER_APPICON_NAME = AppIcon;
				ASSETCATALOG_COMPILER_GLOBAL_ACCENT_COLOR_NAME = AccentColor;
				CODE_SIGN_STYLE = Automatic;
				CURRENT_PROJECT_VERSION = 1;
				DEVELOPMENT_ASSET_PATHS = "\"AnimationAmericano/Preview Content\"";
				DEVELOPMENT_TEAM = VZ9PFZ46UL;
				ENABLE_PREVIEWS = YES;
				GENERATE_INFOPLIST_FILE = YES;
				INFOPLIST_FILE = AnimationAmericano/Info.plist;
				INFOPLIST_KEY_UIApplicationSceneManifest_Generation = YES;
				INFOPLIST_KEY_UIApplicationSupportsIndirectInputEvents = YES;
				INFOPLIST_KEY_UILaunchScreen_Generation = YES;
				INFOPLIST_KEY_UISupportedInterfaceOrientations_iPad = "UIInterfaceOrientationPortrait UIInterfaceOrientationPortraitUpsideDown UIInterfaceOrientationLandscapeLeft UIInterfaceOrientationLandscapeRight";
				INFOPLIST_KEY_UISupportedInterfaceOrientations_iPhone = "UIInterfaceOrientationPortrait UIInterfaceOrientationLandscapeLeft UIInterfaceOrientationLandscapeRight";
				LD_RUNPATH_SEARCH_PATHS = (
					"$(inherited)",
					"@executable_path/Frameworks",
				);
				MARKETING_VERSION = 1.0;
				PRODUCT_BUNDLE_IDENTIFIER = "Apple-Dev-Academy.AnimationAmericano";
				PRODUCT_NAME = "$(TARGET_NAME)";
				SWIFT_EMIT_LOC_STRINGS = YES;
				SWIFT_VERSION = 5.0;
				TARGETED_DEVICE_FAMILY = "1,2";
			};
			name = Debug;
		};
		AA57CA702B0CDF8F00C25B84 /* Release */ = {
			isa = XCBuildConfiguration;
			buildSettings = {
				ASSETCATALOG_COMPILER_APPICON_NAME = AppIcon;
				ASSETCATALOG_COMPILER_GLOBAL_ACCENT_COLOR_NAME = AccentColor;
				CODE_SIGN_STYLE = Automatic;
				CURRENT_PROJECT_VERSION = 1;
				DEVELOPMENT_ASSET_PATHS = "\"AnimationAmericano/Preview Content\"";
				DEVELOPMENT_TEAM = VZ9PFZ46UL;
				ENABLE_PREVIEWS = YES;
				GENERATE_INFOPLIST_FILE = YES;
				INFOPLIST_FILE = AnimationAmericano/Info.plist;
				INFOPLIST_KEY_UIApplicationSceneManifest_Generation = YES;
				INFOPLIST_KEY_UIApplicationSupportsIndirectInputEvents = YES;
				INFOPLIST_KEY_UILaunchScreen_Generation = YES;
				INFOPLIST_KEY_UISupportedInterfaceOrientations_iPad = "UIInterfaceOrientationPortrait UIInterfaceOrientationPortraitUpsideDown UIInterfaceOrientationLandscapeLeft UIInterfaceOrientationLandscapeRight";
				INFOPLIST_KEY_UISupportedInterfaceOrientations_iPhone = "UIInterfaceOrientationPortrait UIInterfaceOrientationLandscapeLeft UIInterfaceOrientationLandscapeRight";
				LD_RUNPATH_SEARCH_PATHS = (
					"$(inherited)",
					"@executable_path/Frameworks",
				);
				MARKETING_VERSION = 1.0;
				PRODUCT_BUNDLE_IDENTIFIER = "Apple-Dev-Academy.AnimationAmericano";
				PRODUCT_NAME = "$(TARGET_NAME)";
				SWIFT_EMIT_LOC_STRINGS = YES;
				SWIFT_VERSION = 5.0;
				TARGETED_DEVICE_FAMILY = "1,2";
			};
			name = Release;
		};
/* End XCBuildConfiguration section */

/* Begin XCConfigurationList section */
		AA57CA5B2B0CDF8E00C25B84 /* Build configuration list for PBXProject "AnimationAmericano" */ = {
			isa = XCConfigurationList;
			buildConfigurations = (
				AA57CA6C2B0CDF8F00C25B84 /* Debug */,
				AA57CA6D2B0CDF8F00C25B84 /* Release */,
			);
			defaultConfigurationIsVisible = 0;
			defaultConfigurationName = Release;
		};
		AA57CA6E2B0CDF8F00C25B84 /* Build configuration list for PBXNativeTarget "AnimationAmericano" */ = {
			isa = XCConfigurationList;
			buildConfigurations = (
				AA57CA6F2B0CDF8F00C25B84 /* Debug */,
				AA57CA702B0CDF8F00C25B84 /* Release */,
			);
			defaultConfigurationIsVisible = 0;
			defaultConfigurationName = Release;
		};
/* End XCConfigurationList section */

/* Begin XCRemoteSwiftPackageReference section */
		AA57CA802B0CE05C00C25B84 /* XCRemoteSwiftPackageReference "rive-ios" */ = {
			isa = XCRemoteSwiftPackageReference;
			repositoryURL = "https://github.com/rive-app/rive-ios";
			requirement = {
				kind = upToNextMajorVersion;
				minimumVersion = 5.6.1;
			};
		};
/* End XCRemoteSwiftPackageReference section */

/* Begin XCSwiftPackageProductDependency section */
		AA57CA812B0CE05C00C25B84 /* RiveRuntime */ = {
			isa = XCSwiftPackageProductDependency;
			package = AA57CA802B0CE05C00C25B84 /* XCRemoteSwiftPackageReference "rive-ios" */;
			productName = RiveRuntime;
		};
/* End XCSwiftPackageProductDependency section */
	};
	rootObject = AA57CA582B0CDF8E00C25B84 /* Project object */;
}
